{
  "name": "test-app",
  "version": "1.0.0",
  "lockfileVersion": 3,
  "packages": {
    "node_modules/lodash": {
      "name": "lodash",
      "version": "4.17.15",
      "license": "MIT"
    },
    "node_modules/express": {
      "name": "express",
      "version": "4.17.1",
      "license": "MIT"
    },
    "node_modules/axios": {
      "name": "axios",
      "version": "0.21.0",
      "license": "MIT"
    }
  }
}
